
Microsoft Visual Studio Solution File, Format Version 10.00
# Visual Studio 2008
Project("{FAE04EC0-301F-11D3-BF4B-00C04F79EFBC}") = "CocosNetLib", "CocosNetLib\CocosNetLib.csproj", "{BFBBC3E5-4ECF-4262-9658-918A097207D1}"
EndProject
Project("{FAE04EC0-301F-11D3-BF4B-00C04F79EFBC}") = "CocosNetTests", "CocosNetTests\CocosNetTests.csproj", "{640AC980-F0BE-4DB1-9D86-241AE37E4C27}"
EndProject
Global
	GlobalSection(SolutionConfigurationPlatforms) = preSolution
		Debug|iPhoneSimulator = Debug|iPhoneSimulator
		Release|iPhoneSimulator = Release|iPhoneSimulator
		Debug|iPhone = Debug|iPhone
		Release|iPhone = Release|iPhone
	EndGlobalSection
	GlobalSection(ProjectConfigurationPlatforms) = postSolution
		{640AC980-F0BE-4DB1-9D86-241AE37E4C27}.Debug|iPhone.ActiveCfg = Debug|iPhone
		{640AC980-F0BE-4DB1-9D86-241AE37E4C27}.Debug|iPhone.Build.0 = Debug|iPhone
		{640AC980-F0BE-4DB1-9D86-241AE37E4C27}.Debug|iPhoneSimulator.ActiveCfg = Debug|iPhoneSimulator
		{640AC980-F0BE-4DB1-9D86-241AE37E4C27}.Debug|iPhoneSimulator.Build.0 = Debug|iPhoneSimulator
		{640AC980-F0BE-4DB1-9D86-241AE37E4C27}.Release|iPhone.ActiveCfg = Release|iPhone
		{640AC980-F0BE-4DB1-9D86-241AE37E4C27}.Release|iPhone.Build.0 = Release|iPhone
		{640AC980-F0BE-4DB1-9D86-241AE37E4C27}.Release|iPhoneSimulator.ActiveCfg = Release|iPhoneSimulator
		{640AC980-F0BE-4DB1-9D86-241AE37E4C27}.Release|iPhoneSimulator.Build.0 = Release|iPhoneSimulator
		{BFBBC3E5-4ECF-4262-9658-918A097207D1}.Debug|iPhone.ActiveCfg = Debug|iPhone
		{BFBBC3E5-4ECF-4262-9658-918A097207D1}.Debug|iPhone.Build.0 = Debug|iPhone
		{BFBBC3E5-4ECF-4262-9658-918A097207D1}.Debug|iPhoneSimulator.ActiveCfg = Debug|iPhoneSimulator
		{BFBBC3E5-4ECF-4262-9658-918A097207D1}.Debug|iPhoneSimulator.Build.0 = Debug|iPhoneSimulator
		{BFBBC3E5-4ECF-4262-9658-918A097207D1}.Release|iPhone.ActiveCfg = Release|iPhone
		{BFBBC3E5-4ECF-4262-9658-918A097207D1}.Release|iPhone.Build.0 = Release|iPhone
		{BFBBC3E5-4ECF-4262-9658-918A097207D1}.Release|iPhoneSimulator.ActiveCfg = Release|iPhoneSimulator
		{BFBBC3E5-4ECF-4262-9658-918A097207D1}.Release|iPhoneSimulator.Build.0 = Release|iPhoneSimulator
	EndGlobalSection
	GlobalSection(MonoDevelopProperties) = preSolution
		StartupItem = CocosNetTests\CocosNetTests.csproj
	EndGlobalSection
EndGlobal
